<Solution>
  <Project Path="Business/Business.csproj" Id="edbbf266-3d0d-49ba-ae1a-ffba8c3ce5fe" />
  <Project Path="ConsoleUI/ConsoleUI.csproj" Id="8fffc7da-e909-4c10-8f37-98baf0e87f21" />
  <Project Path="Core/Core.csproj" Id="5ff76ffb-a885-4344-8567-1078c531594f" />
  <Project Path="DataAccess/DataAccess.csproj" Id="3d8ad85d-55f6-4a38-9774-0aeccf13f923" />
  <Project Path="Entities/Entities.csproj" Id="5780502a-0f94-42db-91e1-885a177ae743" />
</Solution>
